
Microsoft Visual Studio Solution File, Format Version 12.00
# Visual Studio 14
VisualStudioVersion = 14.0.25420.1
MinimumVisualStudioVersion = 10.0.40219.1
Project("{FAE04EC0-301F-11D3-BF4B-00C04F79EFBC}") = "EADMiniProject", "EADMiniProject\EADMiniProject.csproj", "{907148FA-CE6D-414C-9E3A-DAEFC882EF2E}"
EndProject
Project("{FAE04EC0-301F-11D3-BF4B-00C04F79EFBC}") = "UnitTestProject1", "UnitTestProject1\UnitTestProject1.csproj", "{11717D83-0561-4621-9709-8BC8CEF31BE3}"
EndProject
Global
	GlobalSection(SolutionConfigurationPlatforms) = preSolution
		Debug|Any CPU = Debug|Any CPU
		Release|Any CPU = Release|Any CPU
	EndGlobalSection
	GlobalSection(ProjectConfigurationPlatforms) = postSolution
		{907148FA-CE6D-414C-9E3A-DAEFC882EF2E}.Debug|Any CPU.ActiveCfg = Debug|Any CPU
		{907148FA-CE6D-414C-9E3A-DAEFC882EF2E}.Debug|Any CPU.Build.0 = Debug|Any CPU
		{907148FA-CE6D-414C-9E3A-DAEFC882EF2E}.Release|Any CPU.ActiveCfg = Release|Any CPU
		{907148FA-CE6D-414C-9E3A-DAEFC882EF2E}.Release|Any CPU.Build.0 = Release|Any CPU
		{11717D83-0561-4621-9709-8BC8CEF31BE3}.Debug|Any CPU.ActiveCfg = Debug|Any CPU
		{11717D83-0561-4621-9709-8BC8CEF31BE3}.Debug|Any CPU.Build.0 = Debug|Any CPU
		{11717D83-0561-4621-9709-8BC8CEF31BE3}.Release|Any CPU.ActiveCfg = Release|Any CPU
		{11717D83-0561-4621-9709-8BC8CEF31BE3}.Release|Any CPU.Build.0 = Release|Any CPU
	EndGlobalSection
	GlobalSection(SolutionProperties) = preSolution
		HideSolutionNode = FALSE
	EndGlobalSection
EndGlobal
